Microsoft Visual Studio Solution File, Format Version 12.00
# Visual Studio Version 17
VisualStudioVersion = 17.2.32210.308
MinimumVisualStudioVersion = 15.0.26124.0

Project("{2150E333-8FDC-42A3-9474-1A3956D46DE8}") = "Source", "Source", "{51C3B089-4A81-4EDD-991D-6988F2E258F4}"
EndProject
Project("{2150E333-8FDC-42A3-9474-1A3956D46DE8}") = "Platforms", "Platforms", "{89366971-16FD-4075-ABD7-DE4C5D46EDA1}"
EndProject
Project("{2150E333-8FDC-42A3-9474-1A3956D46DE8}") = "Backend", "Backend", "{ADC542E0-2AEC-4183-8E09-0FAE04833F55}"
EndProject
Project("{2150E333-8FDC-42A3-9474-1A3956D46DE8}") = "Tests", "Tests", "{25A12880-7313-4114-8C60-A9416753A9DC}"
EndProject

Project("{9A19103F-16F7-4668-BE54-9A1E7A4F7556}") = "ConFoo2024", "ConFoo2024\ConFoo2024.csproj", "{1A47D8C5-9A22-4EB0-8493-8A8E43DA08F9}"
EndProject
Project("{9A19103F-16F7-4668-BE54-9A1E7A4F7556}") = "ConFoo2024.Shared", "ConFoo2024.Shared\ConFoo2024.Shared.csproj", "{2189102C-8698-4760-A2C5-ADED686F84E2}"
EndProject
Project("{9A19103F-16F7-4668-BE54-9A1E7A4F7556}") = "ConFoo2024.Mobile", "ConFoo2024.Mobile\ConFoo2024.Mobile.csproj", "{01194174-8094-4EE5-9329-FB29ABC22897}"
EndProject
Project("{9A19103F-16F7-4668-BE54-9A1E7A4F7556}") = "ConFoo2024.Wasm", "ConFoo2024.Wasm\ConFoo2024.Wasm.csproj", "{3163C7C1-DD8F-4314-80E9-42A083E27E87}"
EndProject
Project("{9A19103F-16F7-4668-BE54-9A1E7A4F7556}") = "ConFoo2024.Server", "ConFoo2024.Server\ConFoo2024.Server.csproj", "{6F0784BE-5CF4-4CC2-919F-31A670C5BBBE}"
EndProject
Project("{9A19103F-16F7-4668-BE54-9A1E7A4F7556}") = "ConFoo2024.DataContracts", "ConFoo2024.DataContracts\ConFoo2024.DataContracts.csproj", "{49EB403F-4428-4C9A-B22F-DBBF9FC2924F}"
EndProject
Project("{9A19103F-16F7-4668-BE54-9A1E7A4F7556}") = "ConFoo2024.Tests", "ConFoo2024.Tests\ConFoo2024.Tests.csproj", "{6D3220B3-DE2A-4DB3-B431-8F9D31B0315F}"
EndProject
Project("{9A19103F-16F7-4668-BE54-9A1E7A4F7556}") = "ConFoo2024.UITests", "ConFoo2024.UITests\ConFoo2024.UITests.csproj", "{4E66A7E9-430E-428C-AD8D-77480117D58D}"
EndProject

Project("{2150E333-8FDC-42A3-9474-1A3956D46DE8}") = "Solution Items", "Solution Items", "{BADA71DC-7FFD-4EDC-9F28-FB74AEADC713}"
	ProjectSection(SolutionItems) = preProject
		.gitignore = .gitignore
		Directory.Build.props = Directory.Build.props
		Directory.Build.targets = Directory.Build.targets
		solution-config.props.sample = solution-config.props.sample
		Directory.Packages.props = Directory.Packages.props
	EndProjectSection
EndProject
Global
	GlobalSection(SolutionConfigurationPlatforms) = preSolution
		Debug|Any CPU = Debug|Any CPU
		Debug|ARM = Debug|ARM
		Debug|ARM64 = Debug|ARM64
		Debug|iPhone = Debug|iPhone
		Debug|iPhoneSimulator = Debug|iPhoneSimulator
		Debug|x64 = Debug|x64
		Debug|x86 = Debug|x86
		Release|Any CPU = Release|Any CPU
		Release|ARM = Release|ARM
		Release|ARM64 = Release|ARM64
		Release|iPhone = Release|iPhone
		Release|iPhoneSimulator = Release|iPhoneSimulator
		Release|x64 = Release|x64
		Release|x86 = Release|x86
	EndGlobalSection
	GlobalSection(ProjectConfigurationPlatforms) = postSolution
		{01194174-8094-4EE5-9329-FB29ABC22897}.Debug|Any CPU.ActiveCfg = Debug|Any CPU
		{01194174-8094-4EE5-9329-FB29ABC22897}.Debug|Any CPU.Build.0 = Debug|Any CPU
		{01194174-8094-4EE5-9329-FB29ABC22897}.Debug|Any CPU.Deploy.0 = Debug|Any CPU
		{01194174-8094-4EE5-9329-FB29ABC22897}.Debug|ARM.ActiveCfg = Debug|Any CPU
		{01194174-8094-4EE5-9329-FB29ABC22897}.Debug|ARM.Build.0 = Debug|Any CPU
		{01194174-8094-4EE5-9329-FB29ABC22897}.Debug|ARM.Deploy.0 = Debug|Any CPU
		{01194174-8094-4EE5-9329-FB29ABC22897}.Debug|ARM64.ActiveCfg = Debug|Any CPU
		{01194174-8094-4EE5-9329-FB29ABC22897}.Debug|ARM64.Build.0 = Debug|Any CPU
		{01194174-8094-4EE5-9329-FB29ABC22897}.Debug|ARM64.Deploy.0 = Debug|Any CPU
		{01194174-8094-4EE5-9329-FB29ABC22897}.Debug|iPhone.ActiveCfg = Debug|Any CPU
		{01194174-8094-4EE5-9329-FB29ABC22897}.Debug|iPhone.Build.0 = Debug|Any CPU
		{01194174-8094-4EE5-9329-FB29ABC22897}.Debug|iPhone.Deploy.0 = Debug|Any CPU
		{01194174-8094-4EE5-9329-FB29ABC22897}.Debug|iPhoneSimulator.ActiveCfg = Debug|Any CPU
		{01194174-8094-4EE5-9329-FB29ABC22897}.Debug|iPhoneSimulator.Build.0 = Debug|Any CPU
		{01194174-8094-4EE5-9329-FB29ABC22897}.Debug|iPhoneSimulator.Deploy.0 = Debug|Any CPU
		{01194174-8094-4EE5-9329-FB29ABC22897}.Debug|x64.ActiveCfg = Debug|Any CPU
		{01194174-8094-4EE5-9329-FB29ABC22897}.Debug|x64.Build.0 = Debug|Any CPU
		{01194174-8094-4EE5-9329-FB29ABC22897}.Debug|x64.Deploy.0 = Debug|Any CPU
		{01194174-8094-4EE5-9329-FB29ABC22897}.Debug|x86.ActiveCfg = Debug|Any CPU
		{01194174-8094-4EE5-9329-FB29ABC22897}.Debug|x86.Build.0 = Debug|Any CPU
		{01194174-8094-4EE5-9329-FB29ABC22897}.Debug|x86.Deploy.0 = Debug|Any CPU
		{01194174-8094-4EE5-9329-FB29ABC22897}.Release|Any CPU.ActiveCfg = Release|Any CPU
		{01194174-8094-4EE5-9329-FB29ABC22897}.Release|Any CPU.Build.0 = Release|Any CPU
		{01194174-8094-4EE5-9329-FB29ABC22897}.Release|Any CPU.Deploy.0 = Release|Any CPU
		{01194174-8094-4EE5-9329-FB29ABC22897}.Release|ARM.ActiveCfg = Release|Any CPU
		{01194174-8094-4EE5-9329-FB29ABC22897}.Release|ARM.Build.0 = Release|Any CPU
		{01194174-8094-4EE5-9329-FB29ABC22897}.Release|ARM.Deploy.0 = Release|Any CPU
		{01194174-8094-4EE5-9329-FB29ABC22897}.Release|ARM64.ActiveCfg = Release|Any CPU
		{01194174-8094-4EE5-9329-FB29ABC22897}.Release|ARM64.Build.0 = Release|Any CPU
		{01194174-8094-4EE5-9329-FB29ABC22897}.Release|ARM64.Deploy.0 = Release|Any CPU
		{01194174-8094-4EE5-9329-FB29ABC22897}.Release|iPhone.ActiveCfg = Release|Any CPU
		{01194174-8094-4EE5-9329-FB29ABC22897}.Release|iPhone.Build.0 = Release|Any CPU
		{01194174-8094-4EE5-9329-FB29ABC22897}.Release|iPhone.Deploy.0 = Release|Any CPU
		{01194174-8094-4EE5-9329-FB29ABC22897}.Release|iPhoneSimulator.ActiveCfg = Release|Any CPU
		{01194174-8094-4EE5-9329-FB29ABC22897}.Release|iPhoneSimulator.Build.0 = Release|Any CPU
		{01194174-8094-4EE5-9329-FB29ABC22897}.Release|iPhoneSimulator.Deploy.0 = Release|Any CPU
		{01194174-8094-4EE5-9329-FB29ABC22897}.Release|x64.ActiveCfg = Release|Any CPU
		{01194174-8094-4EE5-9329-FB29ABC22897}.Release|x64.Build.0 = Release|Any CPU
		{01194174-8094-4EE5-9329-FB29ABC22897}.Release|x64.Deploy.0 = Release|Any CPU
		{01194174-8094-4EE5-9329-FB29ABC22897}.Release|x86.ActiveCfg = Release|Any CPU
		{01194174-8094-4EE5-9329-FB29ABC22897}.Release|x86.Build.0 = Release|Any CPU
		{01194174-8094-4EE5-9329-FB29ABC22897}.Release|x86.Deploy.0 = Release|Any CPU
		{3163C7C1-DD8F-4314-80E9-42A083E27E87}.Debug|Any CPU.ActiveCfg = Debug|Any CPU
		{3163C7C1-DD8F-4314-80E9-42A083E27E87}.Debug|Any CPU.Build.0 = Debug|Any CPU
		{3163C7C1-DD8F-4314-80E9-42A083E27E87}.Debug|ARM.ActiveCfg = Debug|Any CPU
		{3163C7C1-DD8F-4314-80E9-42A083E27E87}.Debug|ARM.Build.0 = Debug|Any CPU
		{3163C7C1-DD8F-4314-80E9-42A083E27E87}.Debug|ARM64.ActiveCfg = Debug|Any CPU
		{3163C7C1-DD8F-4314-80E9-42A083E27E87}.Debug|ARM64.Build.0 = Debug|Any CPU
		{3163C7C1-DD8F-4314-80E9-42A083E27E87}.Debug|iPhone.ActiveCfg = Debug|Any CPU
		{3163C7C1-DD8F-4314-80E9-42A083E27E87}.Debug|iPhone.Build.0 = Debug|Any CPU
		{3163C7C1-DD8F-4314-80E9-42A083E27E87}.Debug|iPhoneSimulator.ActiveCfg = Debug|Any CPU
		{3163C7C1-DD8F-4314-80E9-42A083E27E87}.Debug|iPhoneSimulator.Build.0 = Debug|Any CPU
		{3163C7C1-DD8F-4314-80E9-42A083E27E87}.Debug|x64.ActiveCfg = Debug|Any CPU
		{3163C7C1-DD8F-4314-80E9-42A083E27E87}.Debug|x64.Build.0 = Debug|Any CPU
		{3163C7C1-DD8F-4314-80E9-42A083E27E87}.Debug|x86.ActiveCfg = Debug|Any CPU
		{3163C7C1-DD8F-4314-80E9-42A083E27E87}.Debug|x86.Build.0 = Debug|Any CPU
		{3163C7C1-DD8F-4314-80E9-42A083E27E87}.Release|Any CPU.ActiveCfg = Release|Any CPU
		{3163C7C1-DD8F-4314-80E9-42A083E27E87}.Release|Any CPU.Build.0 = Release|Any CPU
		{3163C7C1-DD8F-4314-80E9-42A083E27E87}.Release|ARM.ActiveCfg = Release|Any CPU
		{3163C7C1-DD8F-4314-80E9-42A083E27E87}.Release|ARM.Build.0 = Release|Any CPU
		{3163C7C1-DD8F-4314-80E9-42A083E27E87}.Release|ARM64.ActiveCfg = Release|Any CPU
		{3163C7C1-DD8F-4314-80E9-42A083E27E87}.Release|ARM64.Build.0 = Release|Any CPU
		{3163C7C1-DD8F-4314-80E9-42A083E27E87}.Release|iPhone.ActiveCfg = Release|Any CPU
		{3163C7C1-DD8F-4314-80E9-42A083E27E87}.Release|iPhone.Build.0 = Release|Any CPU
		{3163C7C1-DD8F-4314-80E9-42A083E27E87}.Release|iPhoneSimulator.ActiveCfg = Release|Any CPU
		{3163C7C1-DD8F-4314-80E9-42A083E27E87}.Release|iPhoneSimulator.Build.0 = Release|Any CPU
		{3163C7C1-DD8F-4314-80E9-42A083E27E87}.Release|x64.ActiveCfg = Release|Any CPU
		{3163C7C1-DD8F-4314-80E9-42A083E27E87}.Release|x64.Build.0 = Release|Any CPU
		{3163C7C1-DD8F-4314-80E9-42A083E27E87}.Release|x86.ActiveCfg = Release|Any CPU
		{3163C7C1-DD8F-4314-80E9-42A083E27E87}.Release|x86.Build.0 = Release|Any CPU
		{6F0784BE-5CF4-4CC2-919F-31A670C5BBBE}.Debug|Any CPU.ActiveCfg = Debug|Any CPU
		{6F0784BE-5CF4-4CC2-919F-31A670C5BBBE}.Debug|Any CPU.Build.0 = Debug|Any CPU
		{6F0784BE-5CF4-4CC2-919F-31A670C5BBBE}.Debug|ARM.ActiveCfg = Debug|Any CPU
		{6F0784BE-5CF4-4CC2-919F-31A670C5BBBE}.Debug|ARM.Build.0 = Debug|Any CPU
		{6F0784BE-5CF4-4CC2-919F-31A670C5BBBE}.Debug|ARM64.ActiveCfg = Debug|Any CPU
		{6F0784BE-5CF4-4CC2-919F-31A670C5BBBE}.Debug|ARM64.Build.0 = Debug|Any CPU
		{6F0784BE-5CF4-4CC2-919F-31A670C5BBBE}.Debug|iPhone.ActiveCfg = Debug|Any CPU
		{6F0784BE-5CF4-4CC2-919F-31A670C5BBBE}.Debug|iPhone.Build.0 = Debug|Any CPU
		{6F0784BE-5CF4-4CC2-919F-31A670C5BBBE}.Debug|iPhoneSimulator.ActiveCfg = Debug|Any CPU
		{6F0784BE-5CF4-4CC2-919F-31A670C5BBBE}.Debug|iPhoneSimulator.Build.0 = Debug|Any CPU
		{6F0784BE-5CF4-4CC2-919F-31A670C5BBBE}.Debug|x64.ActiveCfg = Debug|Any CPU
		{6F0784BE-5CF4-4CC2-919F-31A670C5BBBE}.Debug|x64.Build.0 = Debug|Any CPU
		{6F0784BE-5CF4-4CC2-919F-31A670C5BBBE}.Debug|x86.ActiveCfg = Debug|Any CPU
		{6F0784BE-5CF4-4CC2-919F-31A670C5BBBE}.Debug|x86.Build.0 = Debug|Any CPU
		{6F0784BE-5CF4-4CC2-919F-31A670C5BBBE}.Release|Any CPU.ActiveCfg = Release|Any CPU
		{6F0784BE-5CF4-4CC2-919F-31A670C5BBBE}.Release|Any CPU.Build.0 = Release|Any CPU
		{6F0784BE-5CF4-4CC2-919F-31A670C5BBBE}.Release|ARM.ActiveCfg = Release|Any CPU
		{6F0784BE-5CF4-4CC2-919F-31A670C5BBBE}.Release|ARM.Build.0 = Release|Any CPU
		{6F0784BE-5CF4-4CC2-919F-31A670C5BBBE}.Release|ARM64.ActiveCfg = Release|Any CPU
		{6F0784BE-5CF4-4CC2-919F-31A670C5BBBE}.Release|ARM64.Build.0 = Release|Any CPU
		{6F0784BE-5CF4-4CC2-919F-31A670C5BBBE}.Release|iPhone.ActiveCfg = Release|Any CPU
		{6F0784BE-5CF4-4CC2-919F-31A670C5BBBE}.Release|iPhone.Build.0 = Release|Any CPU
		{6F0784BE-5CF4-4CC2-919F-31A670C5BBBE}.Release|iPhoneSimulator.ActiveCfg = Release|Any CPU
		{6F0784BE-5CF4-4CC2-919F-31A670C5BBBE}.Release|iPhoneSimulator.Build.0 = Release|Any CPU
		{6F0784BE-5CF4-4CC2-919F-31A670C5BBBE}.Release|x64.ActiveCfg = Release|Any CPU
		{6F0784BE-5CF4-4CC2-919F-31A670C5BBBE}.Release|x64.Build.0 = Release|Any CPU
		{6F0784BE-5CF4-4CC2-919F-31A670C5BBBE}.Release|x86.ActiveCfg = Release|Any CPU
		{6F0784BE-5CF4-4CC2-919F-31A670C5BBBE}.Release|x86.Build.0 = Release|Any CPU
		{49EB403F-4428-4C9A-B22F-DBBF9FC2924F}.Debug|Any CPU.ActiveCfg = Debug|Any CPU
		{49EB403F-4428-4C9A-B22F-DBBF9FC2924F}.Debug|Any CPU.Build.0 = Debug|Any CPU
		{49EB403F-4428-4C9A-B22F-DBBF9FC2924F}.Debug|ARM.ActiveCfg = Debug|Any CPU
		{49EB403F-4428-4C9A-B22F-DBBF9FC2924F}.Debug|ARM.Build.0 = Debug|Any CPU
		{49EB403F-4428-4C9A-B22F-DBBF9FC2924F}.Debug|ARM64.ActiveCfg = Debug|Any CPU
		{49EB403F-4428-4C9A-B22F-DBBF9FC2924F}.Debug|ARM64.Build.0 = Debug|Any CPU
		{49EB403F-4428-4C9A-B22F-DBBF9FC2924F}.Debug|iPhone.ActiveCfg = Debug|Any CPU
		{49EB403F-4428-4C9A-B22F-DBBF9FC2924F}.Debug|iPhone.Build.0 = Debug|Any CPU
		{49EB403F-4428-4C9A-B22F-DBBF9FC2924F}.Debug|iPhoneSimulator.ActiveCfg = Debug|Any CPU
		{49EB403F-4428-4C9A-B22F-DBBF9FC2924F}.Debug|iPhoneSimulator.Build.0 = Debug|Any CPU
		{49EB403F-4428-4C9A-B22F-DBBF9FC2924F}.Debug|x64.ActiveCfg = Debug|Any CPU
		{49EB403F-4428-4C9A-B22F-DBBF9FC2924F}.Debug|x64.Build.0 = Debug|Any CPU
		{49EB403F-4428-4C9A-B22F-DBBF9FC2924F}.Debug|x86.ActiveCfg = Debug|Any CPU
		{49EB403F-4428-4C9A-B22F-DBBF9FC2924F}.Debug|x86.Build.0 = Debug|Any CPU
		{49EB403F-4428-4C9A-B22F-DBBF9FC2924F}.Release|Any CPU.ActiveCfg = Release|Any CPU
		{49EB403F-4428-4C9A-B22F-DBBF9FC2924F}.Release|Any CPU.Build.0 = Release|Any CPU
		{49EB403F-4428-4C9A-B22F-DBBF9FC2924F}.Release|ARM.ActiveCfg = Release|Any CPU
		{49EB403F-4428-4C9A-B22F-DBBF9FC2924F}.Release|ARM.Build.0 = Release|Any CPU
		{49EB403F-4428-4C9A-B22F-DBBF9FC2924F}.Release|ARM64.ActiveCfg = Release|Any CPU
		{49EB403F-4428-4C9A-B22F-DBBF9FC2924F}.Release|ARM64.Build.0 = Release|Any CPU
		{49EB403F-4428-4C9A-B22F-DBBF9FC2924F}.Release|iPhone.ActiveCfg = Release|Any CPU
		{49EB403F-4428-4C9A-B22F-DBBF9FC2924F}.Release|iPhone.Build.0 = Release|Any CPU
		{49EB403F-4428-4C9A-B22F-DBBF9FC2924F}.Release|iPhoneSimulator.ActiveCfg = Release|Any CPU
		{49EB403F-4428-4C9A-B22F-DBBF9FC2924F}.Release|iPhoneSimulator.Build.0 = Release|Any CPU
		{49EB403F-4428-4C9A-B22F-DBBF9FC2924F}.Release|x64.ActiveCfg = Release|Any CPU
		{49EB403F-4428-4C9A-B22F-DBBF9FC2924F}.Release|x64.Build.0 = Release|Any CPU
		{49EB403F-4428-4C9A-B22F-DBBF9FC2924F}.Release|x86.ActiveCfg = Release|Any CPU
		{49EB403F-4428-4C9A-B22F-DBBF9FC2924F}.Release|x86.Build.0 = Release|Any CPU
		{1A47D8C5-9A22-4EB0-8493-8A8E43DA08F9}.Debug|Any CPU.ActiveCfg = Debug|Any CPU
		{1A47D8C5-9A22-4EB0-8493-8A8E43DA08F9}.Debug|Any CPU.Build.0 = Debug|Any CPU
		{1A47D8C5-9A22-4EB0-8493-8A8E43DA08F9}.Debug|ARM.ActiveCfg = Debug|Any CPU
		{1A47D8C5-9A22-4EB0-8493-8A8E43DA08F9}.Debug|ARM.Build.0 = Debug|Any CPU
		{1A47D8C5-9A22-4EB0-8493-8A8E43DA08F9}.Debug|ARM64.ActiveCfg = Debug|Any CPU
		{1A47D8C5-9A22-4EB0-8493-8A8E43DA08F9}.Debug|ARM64.Build.0 = Debug|Any CPU
		{1A47D8C5-9A22-4EB0-8493-8A8E43DA08F9}.Debug|iPhone.ActiveCfg = Debug|Any CPU
		{1A47D8C5-9A22-4EB0-8493-8A8E43DA08F9}.Debug|iPhone.Build.0 = Debug|Any CPU
		{1A47D8C5-9A22-4EB0-8493-8A8E43DA08F9}.Debug|iPhoneSimulator.ActiveCfg = Debug|Any CPU
		{1A47D8C5-9A22-4EB0-8493-8A8E43DA08F9}.Debug|iPhoneSimulator.Build.0 = Debug|Any CPU
		{1A47D8C5-9A22-4EB0-8493-8A8E43DA08F9}.Debug|x64.ActiveCfg = Debug|Any CPU
		{1A47D8C5-9A22-4EB0-8493-8A8E43DA08F9}.Debug|x64.Build.0 = Debug|Any CPU
		{1A47D8C5-9A22-4EB0-8493-8A8E43DA08F9}.Debug|x86.ActiveCfg = Debug|Any CPU
		{1A47D8C5-9A22-4EB0-8493-8A8E43DA08F9}.Debug|x86.Build.0 = Debug|Any CPU
		{1A47D8C5-9A22-4EB0-8493-8A8E43DA08F9}.Release|Any CPU.ActiveCfg = Release|Any CPU
		{1A47D8C5-9A22-4EB0-8493-8A8E43DA08F9}.Release|Any CPU.Build.0 = Release|Any CPU
		{1A47D8C5-9A22-4EB0-8493-8A8E43DA08F9}.Release|ARM.ActiveCfg = Release|Any CPU
		{1A47D8C5-9A22-4EB0-8493-8A8E43DA08F9}.Release|ARM.Build.0 = Release|Any CPU
		{1A47D8C5-9A22-4EB0-8493-8A8E43DA08F9}.Release|ARM64.ActiveCfg = Release|Any CPU
		{1A47D8C5-9A22-4EB0-8493-8A8E43DA08F9}.Release|ARM64.Build.0 = Release|Any CPU
		{1A47D8C5-9A22-4EB0-8493-8A8E43DA08F9}.Release|iPhone.ActiveCfg = Release|Any CPU
		{1A47D8C5-9A22-4EB0-8493-8A8E43DA08F9}.Release|iPhone.Build.0 = Release|Any CPU
		{1A47D8C5-9A22-4EB0-8493-8A8E43DA08F9}.Release|iPhoneSimulator.ActiveCfg = Release|Any CPU
		{1A47D8C5-9A22-4EB0-8493-8A8E43DA08F9}.Release|iPhoneSimulator.Build.0 = Release|Any CPU
		{1A47D8C5-9A22-4EB0-8493-8A8E43DA08F9}.Release|x64.ActiveCfg = Release|Any CPU
		{1A47D8C5-9A22-4EB0-8493-8A8E43DA08F9}.Release|x64.Build.0 = Release|Any CPU
		{1A47D8C5-9A22-4EB0-8493-8A8E43DA08F9}.Release|x86.ActiveCfg = Release|Any CPU
		{1A47D8C5-9A22-4EB0-8493-8A8E43DA08F9}.Release|x86.Build.0 = Release|Any CPU
		{6D3220B3-DE2A-4DB3-B431-8F9D31B0315F}.Debug|Any CPU.ActiveCfg = Debug|Any CPU
		{6D3220B3-DE2A-4DB3-B431-8F9D31B0315F}.Debug|Any CPU.Build.0 = Debug|Any CPU
		{6D3220B3-DE2A-4DB3-B431-8F9D31B0315F}.Debug|ARM.ActiveCfg = Debug|Any CPU
		{6D3220B3-DE2A-4DB3-B431-8F9D31B0315F}.Debug|ARM.Build.0 = Debug|Any CPU
		{6D3220B3-DE2A-4DB3-B431-8F9D31B0315F}.Debug|ARM64.ActiveCfg = Debug|Any CPU
		{6D3220B3-DE2A-4DB3-B431-8F9D31B0315F}.Debug|ARM64.Build.0 = Debug|Any CPU
		{6D3220B3-DE2A-4DB3-B431-8F9D31B0315F}.Debug|iPhone.ActiveCfg = Debug|Any CPU
		{6D3220B3-DE2A-4DB3-B431-8F9D31B0315F}.Debug|iPhone.Build.0 = Debug|Any CPU
		{6D3220B3-DE2A-4DB3-B431-8F9D31B0315F}.Debug|iPhoneSimulator.ActiveCfg = Debug|Any CPU
		{6D3220B3-DE2A-4DB3-B431-8F9D31B0315F}.Debug|iPhoneSimulator.Build.0 = Debug|Any CPU
		{6D3220B3-DE2A-4DB3-B431-8F9D31B0315F}.Debug|x64.ActiveCfg = Debug|Any CPU
		{6D3220B3-DE2A-4DB3-B431-8F9D31B0315F}.Debug|x64.Build.0 = Debug|Any CPU
		{6D3220B3-DE2A-4DB3-B431-8F9D31B0315F}.Debug|x86.ActiveCfg = Debug|Any CPU
		{6D3220B3-DE2A-4DB3-B431-8F9D31B0315F}.Debug|x86.Build.0 = Debug|Any CPU
		{6D3220B3-DE2A-4DB3-B431-8F9D31B0315F}.Release|Any CPU.ActiveCfg = Release|Any CPU
		{6D3220B3-DE2A-4DB3-B431-8F9D31B0315F}.Release|Any CPU.Build.0 = Release|Any CPU
		{6D3220B3-DE2A-4DB3-B431-8F9D31B0315F}.Release|ARM.ActiveCfg = Release|Any CPU
		{6D3220B3-DE2A-4DB3-B431-8F9D31B0315F}.Release|ARM.Build.0 = Release|Any CPU
		{6D3220B3-DE2A-4DB3-B431-8F9D31B0315F}.Release|ARM64.ActiveCfg = Release|Any CPU
		{6D3220B3-DE2A-4DB3-B431-8F9D31B0315F}.Release|ARM64.Build.0 = Release|Any CPU
		{6D3220B3-DE2A-4DB3-B431-8F9D31B0315F}.Release|iPhone.ActiveCfg = Release|Any CPU
		{6D3220B3-DE2A-4DB3-B431-8F9D31B0315F}.Release|iPhone.Build.0 = Release|Any CPU
		{6D3220B3-DE2A-4DB3-B431-8F9D31B0315F}.Release|iPhoneSimulator.ActiveCfg = Release|Any CPU
		{6D3220B3-DE2A-4DB3-B431-8F9D31B0315F}.Release|iPhoneSimulator.Build.0 = Release|Any CPU
		{6D3220B3-DE2A-4DB3-B431-8F9D31B0315F}.Release|x64.ActiveCfg = Release|Any CPU
		{6D3220B3-DE2A-4DB3-B431-8F9D31B0315F}.Release|x64.Build.0 = Release|Any CPU
		{6D3220B3-DE2A-4DB3-B431-8F9D31B0315F}.Release|x86.ActiveCfg = Release|Any CPU
		{6D3220B3-DE2A-4DB3-B431-8F9D31B0315F}.Release|x86.Build.0 = Release|Any CPU
		{4E66A7E9-430E-428C-AD8D-77480117D58D}.Debug|Any CPU.ActiveCfg = Debug|Any CPU
		{4E66A7E9-430E-428C-AD8D-77480117D58D}.Debug|Any CPU.Build.0 = Debug|Any CPU
		{4E66A7E9-430E-428C-AD8D-77480117D58D}.Debug|ARM.ActiveCfg = Debug|Any CPU
		{4E66A7E9-430E-428C-AD8D-77480117D58D}.Debug|ARM.Build.0 = Debug|Any CPU
		{4E66A7E9-430E-428C-AD8D-77480117D58D}.Debug|ARM64.ActiveCfg = Debug|Any CPU
		{4E66A7E9-430E-428C-AD8D-77480117D58D}.Debug|ARM64.Build.0 = Debug|Any CPU
		{4E66A7E9-430E-428C-AD8D-77480117D58D}.Debug|iPhone.ActiveCfg = Debug|Any CPU
		{4E66A7E9-430E-428C-AD8D-77480117D58D}.Debug|iPhone.Build.0 = Debug|Any CPU
		{4E66A7E9-430E-428C-AD8D-77480117D58D}.Debug|iPhoneSimulator.ActiveCfg = Debug|Any CPU
		{4E66A7E9-430E-428C-AD8D-77480117D58D}.Debug|iPhoneSimulator.Build.0 = Debug|Any CPU
		{4E66A7E9-430E-428C-AD8D-77480117D58D}.Debug|x64.ActiveCfg = Debug|Any CPU
		{4E66A7E9-430E-428C-AD8D-77480117D58D}.Debug|x64.Build.0 = Debug|Any CPU
		{4E66A7E9-430E-428C-AD8D-77480117D58D}.Debug|x86.ActiveCfg = Debug|Any CPU
		{4E66A7E9-430E-428C-AD8D-77480117D58D}.Debug|x86.Build.0 = Debug|Any CPU
		{4E66A7E9-430E-428C-AD8D-77480117D58D}.Release|Any CPU.ActiveCfg = Release|Any CPU
		{4E66A7E9-430E-428C-AD8D-77480117D58D}.Release|Any CPU.Build.0 = Release|Any CPU
		{4E66A7E9-430E-428C-AD8D-77480117D58D}.Release|ARM.ActiveCfg = Release|Any CPU
		{4E66A7E9-430E-428C-AD8D-77480117D58D}.Release|ARM.Build.0 = Release|Any CPU
		{4E66A7E9-430E-428C-AD8D-77480117D58D}.Release|ARM64.ActiveCfg = Release|Any CPU
		{4E66A7E9-430E-428C-AD8D-77480117D58D}.Release|ARM64.Build.0 = Release|Any CPU
		{4E66A7E9-430E-428C-AD8D-77480117D58D}.Release|iPhone.ActiveCfg = Release|Any CPU
		{4E66A7E9-430E-428C-AD8D-77480117D58D}.Release|iPhone.Build.0 = Release|Any CPU
		{4E66A7E9-430E-428C-AD8D-77480117D58D}.Release|iPhoneSimulator.ActiveCfg = Release|Any CPU
		{4E66A7E9-430E-428C-AD8D-77480117D58D}.Release|iPhoneSimulator.Build.0 = Release|Any CPU
		{4E66A7E9-430E-428C-AD8D-77480117D58D}.Release|x64.ActiveCfg = Release|Any CPU
		{4E66A7E9-430E-428C-AD8D-77480117D58D}.Release|x64.Build.0 = Release|Any CPU
		{4E66A7E9-430E-428C-AD8D-77480117D58D}.Release|x86.ActiveCfg = Release|Any CPU
		{4E66A7E9-430E-428C-AD8D-77480117D58D}.Release|x86.Build.0 = Release|Any CPU
	EndGlobalSection
	GlobalSection(SolutionProperties) = preSolution
		HideSolutionNode = FALSE
	EndGlobalSection
	GlobalSection(NestedProjects) = preSolution
		{1A47D8C5-9A22-4EB0-8493-8A8E43DA08F9} = {51C3B089-4A81-4EDD-991D-6988F2E258F4}
		{2189102C-8698-4760-A2C5-ADED686F84E2} = {89366971-16FD-4075-ABD7-DE4C5D46EDA1}
		{49EB403F-4428-4C9A-B22F-DBBF9FC2924F} = {51C3B089-4A81-4EDD-991D-6988F2E258F4}
		{89366971-16FD-4075-ABD7-DE4C5D46EDA1} = {51C3B089-4A81-4EDD-991D-6988F2E258F4}
		{ADC542E0-2AEC-4183-8E09-0FAE04833F55} = {51C3B089-4A81-4EDD-991D-6988F2E258F4}
		{01194174-8094-4EE5-9329-FB29ABC22897} = {89366971-16FD-4075-ABD7-DE4C5D46EDA1}
		{3163C7C1-DD8F-4314-80E9-42A083E27E87} = {89366971-16FD-4075-ABD7-DE4C5D46EDA1}
		{6F0784BE-5CF4-4CC2-919F-31A670C5BBBE} = {ADC542E0-2AEC-4183-8E09-0FAE04833F55}
		{6D3220B3-DE2A-4DB3-B431-8F9D31B0315F} = {25A12880-7313-4114-8C60-A9416753A9DC}
		{4E66A7E9-430E-428C-AD8D-77480117D58D} = {25A12880-7313-4114-8C60-A9416753A9DC}
	EndGlobalSection
	GlobalSection(ExtensibilityGlobals) = postSolution
		SolutionGuid = {B2172E63-CDBA-42F7-9E1D-4BA70EC86340}
	EndGlobalSection
EndGlobal
